// !$*UTF8*$!
{
	archiveVersion = 1;
	classes = {
	};
	objectVersion = 55;
	objects = {

/* Begin PBXCopyFilesBuildPhase section */
		04B9046C2847A50E00FF56D3 /* CopyFiles */ = {
			isa = PBXCopyFilesBuildPhase;
			buildActionMask = 2147483647;
			dstPath = /usr/share/man/man1/;
			dstSubfolderSpec = 0;
			files = (
			);
			runOnlyForDeploymentPostprocessing = 1;
		};
/* End PBXCopyFilesBuildPhase section */

/* Begin PBXFileReference section */
		04B9046E2847A50E00FF56D3 /* Animation Experiments */ = {isa = PBXFileReference; explicitFileType = "compiled.mach-o.executable"; includeInIndex = 0; path = "Animation Experiments"; sourceTree = BUILT_PRODUCTS_DIR; };
/* End PBXFileReference section */

/* Begin PBXFrameworksBuildPhase section */
		04B9046B2847A50E00FF56D3 /* Frameworks */ = {
			isa = PBXFrameworksBuildPhase;
			buildActionMask = 2147483647;
			files = (
			);
			runOnlyForDeploymentPostprocessing = 0;
		};
/* End PBXFrameworksBuildPhase section */

/* Begin PBXGroup section */
		04B904652847A50D00FF56D3 = {
			isa = PBXGroup;
			children = (
				04B904792847A64200FF56D3 /* Header Files */,
				04B904782847A63700FF56D3 /* Source Files */,
				04B9046F2847A50E00FF56D3 /* Products */,
			);
			sourceTree = "<group>";
		};
		04B9046F2847A50E00FF56D3 /* Products */ = {
			isa = PBXGroup;
			children = (
				04B9046E2847A50E00FF56D3 /* Animation Experiments */,
			);
			name = Products;
			sourceTree = "<group>";
		};
		04B904782847A63700FF56D3 /* Source Files */ = {
			isa = PBXGroup;
			children = (
				04B9047A2847DD3500FF56D3 /* Animation */,
				04B9047B2847DD4300FF56D3 /* Base */,
				04B9047C2847DD5100FF56D3 /* Environment */,
				04B9047D2847DD5B00FF56D3 /* GLTF */,
				04B9047E2847DD6300FF56D3 /* IK */,
				04B9047F2847DD7000FF56D3 /* Intersection */,
				04B904802847DD7A00FF56D3 /* Math */,
			);
			name = "Source Files";
			sourceTree = "<group>";
		};
		04B904792847A64200FF56D3 /* Header Files */ = {
			isa = PBXGroup;
			children = (
				04B904812847DF9900FF56D3 /* Animation */,
				04B904822847DFA300FF56D3 /* Base */,
				04B904832847DFD900FF56D3 /* Environment */,
				04B904842847DFE700FF56D3 /* GLTF */,
				04B904852847DFEE00FF56D3 /* IK */,
				04B904862847DFF500FF56D3 /* Intersection */,
				04B904872847DFFD00FF56D3 /* Math */,
			);
			name = "Header Files";
			sourceTree = "<group>";
		};
		04B9047A2847DD3500FF56D3 /* Animation */ = {
			isa = PBXGroup;
			children = (
				04B904882847E06900FF56D3 /* Blending */,
			);
			name = Animation;
			sourceTree = "<group>";
		};
		04B9047B2847DD4300FF56D3 /* Base */ = {
			isa = PBXGroup;
			children = (
			);
			name = Base;
			sourceTree = "<group>";
		};
		04B9047C2847DD5100FF56D3 /* Environment */ = {
			isa = PBXGroup;
			children = (
			);
			name = Environment;
			sourceTree = "<group>";
		};
		04B9047D2847DD5B00FF56D3 /* GLTF */ = {
			isa = PBXGroup;
			children = (
			);
			name = GLTF;
			sourceTree = "<group>";
		};
		04B9047E2847DD6300FF56D3 /* IK */ = {
			isa = PBXGroup;
			children = (
			);
			name = IK;
			sourceTree = "<group>";
		};
		04B9047F2847DD7000FF56D3 /* Intersection */ = {
			isa = PBXGroup;
			children = (
			);
			name = Intersection;
			sourceTree = "<group>";
		};
		04B904802847DD7A00FF56D3 /* Math */ = {
			isa = PBXGroup;
			children = (
			);
			name = Math;
			sourceTree = "<group>";
		};
		04B904812847DF9900FF56D3 /* Animation */ = {
			isa = PBXGroup;
			children = (
				04B904892847E0B700FF56D3 /* Blending */,
			);
			name = Animation;
			sourceTree = "<group>";
		};
		04B904822847DFA300FF56D3 /* Base */ = {
			isa = PBXGroup;
			children = (
			);
			name = Base;
			sourceTree = "<group>";
		};
		04B904832847DFD900FF56D3 /* Environment */ = {
			isa = PBXGroup;
			children = (
			);
			name = Environment;
			sourceTree = "<group>";
		};
		04B904842847DFE700FF56D3 /* GLTF */ = {
			isa = PBXGroup;
			children = (
			);
			name = GLTF;
			sourceTree = "<group>";
		};
		04B904852847DFEE00FF56D3 /* IK */ = {
			isa = PBXGroup;
			children = (
			);
			name = IK;
			sourceTree = "<group>";
		};
		04B904862847DFF500FF56D3 /* Intersection */ = {
			isa = PBXGroup;
			children = (
			);
			name = Intersection;
			sourceTree = "<group>";
		};
		04B904872847DFFD00FF56D3 /* Math */ = {
			isa = PBXGroup;
			children = (
			);
			name = Math;
			sourceTree = "<group>";
		};
		04B904882847E06900FF56D3 /* Blending */ = {
			isa = PBXGroup;
			children = (
			);
			name = Blending;
			sourceTree = "<group>";
		};
		04B904892847E0B700FF56D3 /* Blending */ = {
			isa = PBXGroup;
			children = (
			);
			name = Blending;
			sourceTree = "<group>";
		};
/* End PBXGroup section */

/* Begin PBXNativeTarget section */
		04B9046D2847A50E00FF56D3 /* Animation Experiments */ = {
			isa = PBXNativeTarget;
			buildConfigurationList = 04B904752847A50E00FF56D3 /* Build configuration list for PBXNativeTarget "Animation Experiments" */;
			buildPhases = (
				04B9046A2847A50E00FF56D3 /* Sources */,
				04B9046B2847A50E00FF56D3 /* Frameworks */,
				04B9046C2847A50E00FF56D3 /* CopyFiles */,
			);
			buildRules = (
			);
			dependencies = (
			);
			name = "Animation Experiments";
			productName = "Animation Experiments";
			productReference = 04B9046E2847A50E00FF56D3 /* Animation Experiments */;
			productType = "com.apple.product-type.tool";
		};
/* End PBXNativeTarget section */

/* Begin PBXProject section */
		04B904662847A50D00FF56D3 /* Project object */ = {
			isa = PBXProject;
			attributes = {
				BuildIndependentTargetsInParallel = 1;
				LastUpgradeCheck = 1330;
				TargetAttributes = {
					04B9046D2847A50E00FF56D3 = {
						CreatedOnToolsVersion = 13.3.1;
					};
				};
			};
			buildConfigurationList = 04B904692847A50D00FF56D3 /* Build configuration list for PBXProject "Animation Experiments" */;
			compatibilityVersion = "Xcode 13.0";
			developmentRegion = en;
			hasScannedForEncodings = 0;
			knownRegions = (
				en,
				Base,
			);
			mainGroup = 04B904652847A50D00FF56D3;
			productRefGroup = 04B9046F2847A50E00FF56D3 /* Products */;
			projectDirPath = "";
			projectRoot = "";
			targets = (
				04B9046D2847A50E00FF56D3 /* Animation Experiments */,
			);
		};
/* End PBXProject section */

/* Begin PBXSourcesBuildPhase section */
		04B9046A2847A50E00FF56D3 /* Sources */ = {
			isa = PBXSourcesBuildPhase;
			buildActionMask = 2147483647;
			files = (
			);
			runOnlyForDeploymentPostprocessing = 0;
		};
/* End PBXSourcesBuildPhase section */

/* Begin XCBuildConfiguration section */
		04B904732847A50E00FF56D3 /* Debug */ = {
			isa = XCBuildConfiguration;
			buildSettings = {
				ALWAYS_SEARCH_USER_PATHS = NO;
				CLANG_ANALYZER_NONNULL = YES;
				CLANG_ANALYZER_NUMBER_OBJECT_CONVERSION = YES_AGGRESSIVE;
				CLANG_CXX_LANGUAGE_STANDARD = "gnu++17";
				CLANG_ENABLE_MODULES = YES;
				CLANG_ENABLE_OBJC_ARC = YES;
				CLANG_ENABLE_OBJC_WEAK = YES;
				CLANG_WARN_BLOCK_CAPTURE_AUTORELEASING = YES;
				CLANG_WARN_BOOL_CONVERSION = YES;
				CLANG_WARN_COMMA = YES;
				CLANG_WARN_CONSTANT_CONVERSION = YES;
				CLANG_WARN_DEPRECATED_OBJC_IMPLEMENTATIONS = YES;
				CLANG_WARN_DIRECT_OBJC_ISA_USAGE = YES_ERROR;
				CLANG_WARN_DOCUMENTATION_COMMENTS = YES;
				CLANG_WARN_EMPTY_BODY = YES;
				CLANG_WARN_ENUM_CONVERSION = YES;
				CLANG_WARN_INFINITE_RECURSION = YES;
				CLANG_WARN_INT_CONVERSION = YES;
				CLANG_WARN_NON_LITERAL_NULL_CONVERSION = YES;
				CLANG_WARN_OBJC_IMPLICIT_RETAIN_SELF = YES;
				CLANG_WARN_OBJC_LITERAL_CONVERSION = YES;
				CLANG_WARN_OBJC_ROOT_CLASS = YES_ERROR;
				CLANG_WARN_QUOTED_INCLUDE_IN_FRAMEWORK_HEADER = YES;
				CLANG_WARN_RANGE_LOOP_ANALYSIS = YES;
				CLANG_WARN_STRICT_PROTOTYPES = YES;
				CLANG_WARN_SUSPICIOUS_MOVE = YES;
				CLANG_WARN_UNGUARDED_AVAILABILITY = YES_AGGRESSIVE;
				CLANG_WARN_UNREACHABLE_CODE = YES;
				CLANG_WARN__DUPLICATE_METHOD_MATCH = YES;
				COPY_PHASE_STRIP = NO;
				DEBUG_INFORMATION_FORMAT = dwarf;
				ENABLE_STRICT_OBJC_MSGSEND = YES;
				ENABLE_TESTABILITY = YES;
				GCC_C_LANGUAGE_STANDARD = gnu11;
				GCC_DYNAMIC_NO_PIC = NO;
				GCC_NO_COMMON_BLOCKS = YES;
				GCC_OPTIMIZATION_LEVEL = 0;
				GCC_PREPROCESSOR_DEFINITIONS = (
					"DEBUG=1",
					"$(inherited)",
				);
				GCC_WARN_64_TO_32_BIT_CONVERSION = YES;
				GCC_WARN_ABOUT_RETURN_TYPE = YES_ERROR;
				GCC_WARN_UNDECLARED_SELECTOR = YES;
				GCC_WARN_UNINITIALIZED_AUTOS = YES_AGGRESSIVE;
				GCC_WARN_UNUSED_FUNCTION = YES;
				GCC_WARN_UNUSED_VARIABLE = YES;
				MACOSX_DEPLOYMENT_TARGET = 12.3;
				MTL_ENABLE_DEBUG_INFO = INCLUDE_SOURCE;
				MTL_FAST_MATH = YES;
				ONLY_ACTIVE_ARCH = YES;
				SDKROOT = macosx;
			};
			name = Debug;
		};
		04B904742847A50E00FF56D3 /* Release */ = {
			isa = XCBuildConfiguration;
			buildSettings = {
				ALWAYS_SEARCH_USER_PATHS = NO;
				CLANG_ANALYZER_NONNULL = YES;
				CLANG_ANALYZER_NUMBER_OBJECT_CONVERSION = YES_AGGRESSIVE;
				CLANG_CXX_LANGUAGE_STANDARD = "gnu++17";
				CLANG_ENABLE_MODULES = YES;
				CLANG_ENABLE_OBJC_ARC = YES;
				CLANG_ENABLE_OBJC_WEAK = YES;
				CLANG_WARN_BLOCK_CAPTURE_AUTORELEASING = YES;
				CLANG_WARN_BOOL_CONVERSION = YES;
				CLANG_WARN_COMMA = YES;
				CLANG_WARN_CONSTANT_CONVERSION = YES;
				CLANG_WARN_DEPRECATED_OBJC_IMPLEMENTATIONS = YES;
				CLANG_WARN_DIRECT_OBJC_ISA_USAGE = YES_ERROR;
				CLANG_WARN_DOCUMENTATION_COMMENTS = YES;
				CLANG_WARN_EMPTY_BODY = YES;
				CLANG_WARN_ENUM_CONVERSION = YES;
				CLANG_WARN_INFINITE_RECURSION = YES;
				CLANG_WARN_INT_CONVERSION = YES;
				CLANG_WARN_NON_LITERAL_NULL_CONVERSION = YES;
				CLANG_WARN_OBJC_IMPLICIT_RETAIN_SELF = YES;
				CLANG_WARN_OBJC_LITERAL_CONVERSION = YES;
				CLANG_WARN_OBJC_ROOT_CLASS = YES_ERROR;
				CLANG_WARN_QUOTED_INCLUDE_IN_FRAMEWORK_HEADER = YES;
				CLANG_WARN_RANGE_LOOP_ANALYSIS = YES;
				CLANG_WARN_STRICT_PROTOTYPES = YES;
				CLANG_WARN_SUSPICIOUS_MOVE = YES;
				CLANG_WARN_UNGUARDED_AVAILABILITY = YES_AGGRESSIVE;
				CLANG_WARN_UNREACHABLE_CODE = YES;
				CLANG_WARN__DUPLICATE_METHOD_MATCH = YES;
				COPY_PHASE_STRIP = NO;
				DEBUG_INFORMATION_FORMAT = "dwarf-with-dsym";
				ENABLE_NS_ASSERTIONS = NO;
				ENABLE_STRICT_OBJC_MSGSEND = YES;
				GCC_C_LANGUAGE_STANDARD = gnu11;
				GCC_NO_COMMON_BLOCKS = YES;
				GCC_WARN_64_TO_32_BIT_CONVERSION = YES;
				GCC_WARN_ABOUT_RETURN_TYPE = YES_ERROR;
				GCC_WARN_UNDECLARED_SELECTOR = YES;
				GCC_WARN_UNINITIALIZED_AUTOS = YES_AGGRESSIVE;
				GCC_WARN_UNUSED_FUNCTION = YES;
				GCC_WARN_UNUSED_VARIABLE = YES;
				MACOSX_DEPLOYMENT_TARGET = 12.3;
				MTL_ENABLE_DEBUG_INFO = NO;
				MTL_FAST_MATH = YES;
				SDKROOT = macosx;
			};
			name = Release;
		};
		04B904762847A50E00FF56D3 /* Debug */ = {
			isa = XCBuildConfiguration;
			buildSettings = {
				CODE_SIGN_STYLE = Automatic;
				PRODUCT_NAME = "$(TARGET_NAME)";
			};
			name = Debug;
		};
		04B904772847A50E00FF56D3 /* Release */ = {
			isa = XCBuildConfiguration;
			buildSettings = {
				CODE_SIGN_STYLE = Automatic;
				PRODUCT_NAME = "$(TARGET_NAME)";
			};
			name = Release;
		};
/* End XCBuildConfiguration section */

/* Begin XCConfigurationList section */
		04B904692847A50D00FF56D3 /* Build configuration list for PBXProject "Animation Experiments" */ = {
			isa = XCConfigurationList;
			buildConfigurations = (
				04B904732847A50E00FF56D3 /* Debug */,
				04B904742847A50E00FF56D3 /* Release */,
			);
			defaultConfigurationIsVisible = 0;
			defaultConfigurationName = Release;
		};
		04B904752847A50E00FF56D3 /* Build configuration list for PBXNativeTarget "Animation Experiments" */ = {
			isa = XCConfigurationList;
			buildConfigurations = (
				04B904762847A50E00FF56D3 /* Debug */,
				04B904772847A50E00FF56D3 /* Release */,
			);
			defaultConfigurationIsVisible = 0;
			defaultConfigurationName = Release;
		};
/* End XCConfigurationList section */
	};
	rootObject = 04B904662847A50D00FF56D3 /* Project object */;
}
